
Microsoft Visual Studio Solution File, Format Version 12.00
# Visual Studio Version 16
VisualStudioVersion = 16.0.30907.101
MinimumVisualStudioVersion = 10.0.40219.1
Project("{FAE04EC0-301F-11D3-BF4B-00C04F79EFBC}") = "BigMom", "BigMom\BigMom.csproj", "{FDFCE3C8-3C1F-46E1-9ACC-A64F0A619A02}"
EndProject
Global
	GlobalSection(SolutionConfigurationPlatforms) = preSolution
		Debug|Any CPU = Debug|Any CPU
		Release|Any CPU = Release|Any CPU
	EndGlobalSection
	GlobalSection(ProjectConfigurationPlatforms) = postSolution
		{FDFCE3C8-3C1F-46E1-9ACC-A64F0A619A02}.Debug|Any CPU.ActiveCfg = Debug|Any CPU
		{FDFCE3C8-3C1F-46E1-9ACC-A64F0A619A02}.Debug|Any CPU.Build.0 = Debug|Any CPU
		{FDFCE3C8-3C1F-46E1-9ACC-A64F0A619A02}.Release|Any CPU.ActiveCfg = Release|Any CPU
		{FDFCE3C8-3C1F-46E1-9ACC-A64F0A619A02}.Release|Any CPU.Build.0 = Release|Any CPU
	EndGlobalSection
	GlobalSection(SolutionProperties) = preSolution
		HideSolutionNode = FALSE
	EndGlobalSection
	GlobalSection(ExtensibilityGlobals) = postSolution
		SolutionGuid = {982EE99D-8A40-4E82-88E8-E88E299D4B94}
	EndGlobalSection
EndGlobal
